
Microsoft Visual Studio Solution File, Format Version 12.00
# Visual Studio Version 16
VisualStudioVersion = 16.0.32901.82
MinimumVisualStudioVersion = 10.0.40219.1
Project("{8BC9CEB8-8B4A-11D0-8D11-00A0C91BC942}") = "ScratchPlayer", "ScratchPlayer\ScratchPlayer.vcxproj", "{39C1FCFC-7832-47A9-AD9A-1A2EF66659BF}"
EndProject
Global
	GlobalSection(SolutionConfigurationPlatforms) = preSolution
		Debug|x64 = Debug|x64
		Debug|x86 = Debug|x86
		Release|x64 = Release|x64
		Release|x86 = Release|x86
	EndGlobalSection
	GlobalSection(ProjectConfigurationPlatforms) = postSolution
		{39C1FCFC-7832-47A9-AD9A-1A2EF66659BF}.Debug|x64.ActiveCfg = Debug|x64
		{39C1FCFC-7832-47A9-AD9A-1A2EF66659BF}.Debug|x64.Build.0 = Debug|x64
		{39C1FCFC-7832-47A9-AD9A-1A2EF66659BF}.Debug|x86.ActiveCfg = Debug|Win32
		{39C1FCFC-7832-47A9-AD9A-1A2EF66659BF}.Debug|x86.Build.0 = Debug|Win32
		{39C1FCFC-7832-47A9-AD9A-1A2EF66659BF}.Release|x64.ActiveCfg = Release|x64
		{39C1FCFC-7832-47A9-AD9A-1A2EF66659BF}.Release|x64.Build.0 = Release|x64
		{39C1FCFC-7832-47A9-AD9A-1A2EF66659BF}.Release|x86.ActiveCfg = Release|Win32
		{39C1FCFC-7832-47A9-AD9A-1A2EF66659BF}.Release|x86.Build.0 = Release|Win32
	EndGlobalSection
	GlobalSection(SolutionProperties) = preSolution
		HideSolutionNode = FALSE
	EndGlobalSection
	GlobalSection(ExtensibilityGlobals) = postSolution
		SolutionGuid = {ADF462B4-380B-463C-AAEB-1B6A36AD28E4}
	EndGlobalSection
EndGlobal
